
Microsoft Visual Studio Solution File, Format Version 12.00
# Visual Studio Version 17
VisualStudioVersion = 17.0.31903.59
MinimumVisualStudioVersion = 10.0.40219.1
Project("{2150E333-8FDC-42A3-9474-1A3956D46DE8}") = "Users", "Users", "{A10C4C97-C1A1-C462-9A04-F253A6FEFC1E}"
EndProject
Project("{FAE04EC0-301F-11D3-BF4B-00C04F79EFBC}") = "Microsoft.ILP.UserRepository", "Users\Microsoft.ILP.UserRepository\Microsoft.ILP.UserRepository.csproj", "{F2D23FFC-9C61-424A-A552-7245797F09E7}"
EndProject
Project("{FAE04EC0-301F-11D3-BF4B-00C04F79EFBC}") = "Microsoft.ILP.UserBusiness", "Users\Microsoft.ILP.UserBusiness\Microsoft.ILP.UserBusiness.csproj", "{E448D0EB-0FC9-478E-9D9C-39EBF1B89E31}"
EndProject
Project("{FAE04EC0-301F-11D3-BF4B-00C04F79EFBC}") = "Microsoft.ILP.UserService", "Users\Microsoft.ILP.UserService\Microsoft.ILP.UserService.csproj", "{055E1D0F-67D0-4DA5-81E1-0FFFC2114627}"
EndProject
Project("{2150E333-8FDC-42A3-9474-1A3956D46DE8}") = "Products", "Products", "{91DB166F-8FA8-D710-9FF9-784B929F57E0}"
EndProject
Project("{FAE04EC0-301F-11D3-BF4B-00C04F79EFBC}") = "Microsoft.ILP.ProductRepository", "Products\Microsoft.ILP.ProductRepository\Microsoft.ILP.ProductRepository.csproj", "{F11C7D0E-DBE2-4C9A-B86B-E1CBB9EF5414}"
EndProject
Project("{FAE04EC0-301F-11D3-BF4B-00C04F79EFBC}") = "Microsoft.ILP.ProductBusiness", "Products\Microsoft.ILP.ProductBusiness\Microsoft.ILP.ProductBusiness.csproj", "{62406840-C06E-4088-97F7-3D6811EFE9B3}"
EndProject
Project("{FAE04EC0-301F-11D3-BF4B-00C04F79EFBC}") = "Microsoft.ILP.ProductService", "Products\Microsoft.ILP.ProductService\Microsoft.ILP.ProductService.csproj", "{F09718C0-3EC7-41F4-A2C0-EF32B0F06D69}"
EndProject
Project("{2150E333-8FDC-42A3-9474-1A3956D46DE8}") = "Orders", "Orders", "{C1E8875C-D70B-9A5C-543D-852EF2502BBD}"
EndProject
Project("{FAE04EC0-301F-11D3-BF4B-00C04F79EFBC}") = "Microsoft.ILP.OrderRepository", "Orders\Microsoft.ILP.OrderRepository\Microsoft.ILP.OrderRepository.csproj", "{D8E00B16-A9D4-48A7-84C0-1A7B400230A4}"
EndProject
Project("{FAE04EC0-301F-11D3-BF4B-00C04F79EFBC}") = "Microsoft.ILP.OrderBusiness", "Orders\Microsoft.ILP.OrderBusiness\Microsoft.ILP.OrderBusiness.csproj", "{5CF57270-FB48-4288-A047-85610AD94FB7}"
EndProject
Project("{FAE04EC0-301F-11D3-BF4B-00C04F79EFBC}") = "Microsoft.ILP.OrderService", "Orders\Microsoft.ILP.OrderService\Microsoft.ILP.OrderService.csproj", "{C441D62E-9DAD-434C-A638-CC8E5F42B7F3}"
EndProject
Global
	GlobalSection(SolutionConfigurationPlatforms) = preSolution
		Debug|Any CPU = Debug|Any CPU
		Debug|x64 = Debug|x64
		Debug|x86 = Debug|x86
		Release|Any CPU = Release|Any CPU
		Release|x64 = Release|x64
		Release|x86 = Release|x86
	EndGlobalSection
	GlobalSection(ProjectConfigurationPlatforms) = postSolution
		{F2D23FFC-9C61-424A-A552-7245797F09E7}.Debug|Any CPU.ActiveCfg = Debug|Any CPU
		{F2D23FFC-9C61-424A-A552-7245797F09E7}.Debug|Any CPU.Build.0 = Debug|Any CPU
		{F2D23FFC-9C61-424A-A552-7245797F09E7}.Debug|x64.ActiveCfg = Debug|Any CPU
		{F2D23FFC-9C61-424A-A552-7245797F09E7}.Debug|x64.Build.0 = Debug|Any CPU
		{F2D23FFC-9C61-424A-A552-7245797F09E7}.Debug|x86.ActiveCfg = Debug|Any CPU
		{F2D23FFC-9C61-424A-A552-7245797F09E7}.Debug|x86.Build.0 = Debug|Any CPU
		{F2D23FFC-9C61-424A-A552-7245797F09E7}.Release|Any CPU.ActiveCfg = Release|Any CPU
		{F2D23FFC-9C61-424A-A552-7245797F09E7}.Release|Any CPU.Build.0 = Release|Any CPU
		{F2D23FFC-9C61-424A-A552-7245797F09E7}.Release|x64.ActiveCfg = Release|Any CPU
		{F2D23FFC-9C61-424A-A552-7245797F09E7}.Release|x64.Build.0 = Release|Any CPU
		{F2D23FFC-9C61-424A-A552-7245797F09E7}.Release|x86.ActiveCfg = Release|Any CPU
		{F2D23FFC-9C61-424A-A552-7245797F09E7}.Release|x86.Build.0 = Release|Any CPU
		{E448D0EB-0FC9-478E-9D9C-39EBF1B89E31}.Debug|Any CPU.ActiveCfg = Debug|Any CPU
		{E448D0EB-0FC9-478E-9D9C-39EBF1B89E31}.Debug|Any CPU.Build.0 = Debug|Any CPU
		{E448D0EB-0FC9-478E-9D9C-39EBF1B89E31}.Debug|x64.ActiveCfg = Debug|Any CPU
		{E448D0EB-0FC9-478E-9D9C-39EBF1B89E31}.Debug|x64.Build.0 = Debug|Any CPU
		{E448D0EB-0FC9-478E-9D9C-39EBF1B89E31}.Debug|x86.ActiveCfg = Debug|Any CPU
		{E448D0EB-0FC9-478E-9D9C-39EBF1B89E31}.Debug|x86.Build.0 = Debug|Any CPU
		{E448D0EB-0FC9-478E-9D9C-39EBF1B89E31}.Release|Any CPU.ActiveCfg = Release|Any CPU
		{E448D0EB-0FC9-478E-9D9C-39EBF1B89E31}.Release|Any CPU.Build.0 = Release|Any CPU
		{E448D0EB-0FC9-478E-9D9C-39EBF1B89E31}.Release|x64.ActiveCfg = Release|Any CPU
		{E448D0EB-0FC9-478E-9D9C-39EBF1B89E31}.Release|x64.Build.0 = Release|Any CPU
		{E448D0EB-0FC9-478E-9D9C-39EBF1B89E31}.Release|x86.ActiveCfg = Release|Any CPU
		{E448D0EB-0FC9-478E-9D9C-39EBF1B89E31}.Release|x86.Build.0 = Release|Any CPU
		{055E1D0F-67D0-4DA5-81E1-0FFFC2114627}.Debug|Any CPU.ActiveCfg = Debug|Any CPU
		{055E1D0F-67D0-4DA5-81E1-0FFFC2114627}.Debug|Any CPU.Build.0 = Debug|Any CPU
		{055E1D0F-67D0-4DA5-81E1-0FFFC2114627}.Debug|x64.ActiveCfg = Debug|Any CPU
		{055E1D0F-67D0-4DA5-81E1-0FFFC2114627}.Debug|x64.Build.0 = Debug|Any CPU
		{055E1D0F-67D0-4DA5-81E1-0FFFC2114627}.Debug|x86.ActiveCfg = Debug|Any CPU
		{055E1D0F-67D0-4DA5-81E1-0FFFC2114627}.Debug|x86.Build.0 = Debug|Any CPU
		{055E1D0F-67D0-4DA5-81E1-0FFFC2114627}.Release|Any CPU.ActiveCfg = Release|Any CPU
		{055E1D0F-67D0-4DA5-81E1-0FFFC2114627}.Release|Any CPU.Build.0 = Release|Any CPU
		{055E1D0F-67D0-4DA5-81E1-0FFFC2114627}.Release|x64.ActiveCfg = Release|Any CPU
		{055E1D0F-67D0-4DA5-81E1-0FFFC2114627}.Release|x64.Build.0 = Release|Any CPU
		{055E1D0F-67D0-4DA5-81E1-0FFFC2114627}.Release|x86.ActiveCfg = Release|Any CPU
		{055E1D0F-67D0-4DA5-81E1-0FFFC2114627}.Release|x86.Build.0 = Release|Any CPU
		{F11C7D0E-DBE2-4C9A-B86B-E1CBB9EF5414}.Debug|Any CPU.ActiveCfg = Debug|Any CPU
		{F11C7D0E-DBE2-4C9A-B86B-E1CBB9EF5414}.Debug|Any CPU.Build.0 = Debug|Any CPU
		{F11C7D0E-DBE2-4C9A-B86B-E1CBB9EF5414}.Debug|x64.ActiveCfg = Debug|Any CPU
		{F11C7D0E-DBE2-4C9A-B86B-E1CBB9EF5414}.Debug|x64.Build.0 = Debug|Any CPU
		{F11C7D0E-DBE2-4C9A-B86B-E1CBB9EF5414}.Debug|x86.ActiveCfg = Debug|Any CPU
		{F11C7D0E-DBE2-4C9A-B86B-E1CBB9EF5414}.Debug|x86.Build.0 = Debug|Any CPU
		{F11C7D0E-DBE2-4C9A-B86B-E1CBB9EF5414}.Release|Any CPU.ActiveCfg = Release|Any CPU
		{F11C7D0E-DBE2-4C9A-B86B-E1CBB9EF5414}.Release|Any CPU.Build.0 = Release|Any CPU
		{F11C7D0E-DBE2-4C9A-B86B-E1CBB9EF5414}.Release|x64.ActiveCfg = Release|Any CPU
		{F11C7D0E-DBE2-4C9A-B86B-E1CBB9EF5414}.Release|x64.Build.0 = Release|Any CPU
		{F11C7D0E-DBE2-4C9A-B86B-E1CBB9EF5414}.Release|x86.ActiveCfg = Release|Any CPU
		{F11C7D0E-DBE2-4C9A-B86B-E1CBB9EF5414}.Release|x86.Build.0 = Release|Any CPU
		{62406840-C06E-4088-97F7-3D6811EFE9B3}.Debug|Any CPU.ActiveCfg = Debug|Any CPU
		{62406840-C06E-4088-97F7-3D6811EFE9B3}.Debug|Any CPU.Build.0 = Debug|Any CPU
		{62406840-C06E-4088-97F7-3D6811EFE9B3}.Debug|x64.ActiveCfg = Debug|Any CPU
		{62406840-C06E-4088-97F7-3D6811EFE9B3}.Debug|x64.Build.0 = Debug|Any CPU
		{62406840-C06E-4088-97F7-3D6811EFE9B3}.Debug|x86.ActiveCfg = Debug|Any CPU
		{62406840-C06E-4088-97F7-3D6811EFE9B3}.Debug|x86.Build.0 = Debug|Any CPU
		{62406840-C06E-4088-97F7-3D6811EFE9B3}.Release|Any CPU.ActiveCfg = Release|Any CPU
		{62406840-C06E-4088-97F7-3D6811EFE9B3}.Release|Any CPU.Build.0 = Release|Any CPU
		{62406840-C06E-4088-97F7-3D6811EFE9B3}.Release|x64.ActiveCfg = Release|Any CPU
		{62406840-C06E-4088-97F7-3D6811EFE9B3}.Release|x64.Build.0 = Release|Any CPU
		{62406840-C06E-4088-97F7-3D6811EFE9B3}.Release|x86.ActiveCfg = Release|Any CPU
		{62406840-C06E-4088-97F7-3D6811EFE9B3}.Release|x86.Build.0 = Release|Any CPU
		{F09718C0-3EC7-41F4-A2C0-EF32B0F06D69}.Debug|Any CPU.ActiveCfg = Debug|Any CPU
		{F09718C0-3EC7-41F4-A2C0-EF32B0F06D69}.Debug|Any CPU.Build.0 = Debug|Any CPU
		{F09718C0-3EC7-41F4-A2C0-EF32B0F06D69}.Debug|x64.ActiveCfg = Debug|Any CPU
		{F09718C0-3EC7-41F4-A2C0-EF32B0F06D69}.Debug|x64.Build.0 = Debug|Any CPU
		{F09718C0-3EC7-41F4-A2C0-EF32B0F06D69}.Debug|x86.ActiveCfg = Debug|Any CPU
		{F09718C0-3EC7-41F4-A2C0-EF32B0F06D69}.Debug|x86.Build.0 = Debug|Any CPU
		{F09718C0-3EC7-41F4-A2C0-EF32B0F06D69}.Release|Any CPU.ActiveCfg = Release|Any CPU
		{F09718C0-3EC7-41F4-A2C0-EF32B0F06D69}.Release|Any CPU.Build.0 = Release|Any CPU
		{F09718C0-3EC7-41F4-A2C0-EF32B0F06D69}.Release|x64.ActiveCfg = Release|Any CPU
		{F09718C0-3EC7-41F4-A2C0-EF32B0F06D69}.Release|x64.Build.0 = Release|Any CPU
		{F09718C0-3EC7-41F4-A2C0-EF32B0F06D69}.Release|x86.ActiveCfg = Release|Any CPU
		{F09718C0-3EC7-41F4-A2C0-EF32B0F06D69}.Release|x86.Build.0 = Release|Any CPU
		{D8E00B16-A9D4-48A7-84C0-1A7B400230A4}.Debug|Any CPU.ActiveCfg = Debug|Any CPU
		{D8E00B16-A9D4-48A7-84C0-1A7B400230A4}.Debug|Any CPU.Build.0 = Debug|Any CPU
		{D8E00B16-A9D4-48A7-84C0-1A7B400230A4}.Debug|x64.ActiveCfg = Debug|Any CPU
		{D8E00B16-A9D4-48A7-84C0-1A7B400230A4}.Debug|x64.Build.0 = Debug|Any CPU
		{D8E00B16-A9D4-48A7-84C0-1A7B400230A4}.Debug|x86.ActiveCfg = Debug|Any CPU
		{D8E00B16-A9D4-48A7-84C0-1A7B400230A4}.Debug|x86.Build.0 = Debug|Any CPU
		{D8E00B16-A9D4-48A7-84C0-1A7B400230A4}.Release|Any CPU.ActiveCfg = Release|Any CPU
		{D8E00B16-A9D4-48A7-84C0-1A7B400230A4}.Release|Any CPU.Build.0 = Release|Any CPU
		{D8E00B16-A9D4-48A7-84C0-1A7B400230A4}.Release|x64.ActiveCfg = Release|Any CPU
		{D8E00B16-A9D4-48A7-84C0-1A7B400230A4}.Release|x64.Build.0 = Release|Any CPU
		{D8E00B16-A9D4-48A7-84C0-1A7B400230A4}.Release|x86.ActiveCfg = Release|Any CPU
		{D8E00B16-A9D4-48A7-84C0-1A7B400230A4}.Release|x86.Build.0 = Release|Any CPU
		{5CF57270-FB48-4288-A047-85610AD94FB7}.Debug|Any CPU.ActiveCfg = Debug|Any CPU
		{5CF57270-FB48-4288-A047-85610AD94FB7}.Debug|Any CPU.Build.0 = Debug|Any CPU
		{5CF57270-FB48-4288-A047-85610AD94FB7}.Debug|x64.ActiveCfg = Debug|Any CPU
		{5CF57270-FB48-4288-A047-85610AD94FB7}.Debug|x64.Build.0 = Debug|Any CPU
		{5CF57270-FB48-4288-A047-85610AD94FB7}.Debug|x86.ActiveCfg = Debug|Any CPU
		{5CF57270-FB48-4288-A047-85610AD94FB7}.Debug|x86.Build.0 = Debug|Any CPU
		{5CF57270-FB48-4288-A047-85610AD94FB7}.Release|Any CPU.ActiveCfg = Release|Any CPU
		{5CF57270-FB48-4288-A047-85610AD94FB7}.Release|Any CPU.Build.0 = Release|Any CPU
		{5CF57270-FB48-4288-A047-85610AD94FB7}.Release|x64.ActiveCfg = Release|Any CPU
		{5CF57270-FB48-4288-A047-85610AD94FB7}.Release|x64.Build.0 = Release|Any CPU
		{5CF57270-FB48-4288-A047-85610AD94FB7}.Release|x86.ActiveCfg = Release|Any CPU
		{5CF57270-FB48-4288-A047-85610AD94FB7}.Release|x86.Build.0 = Release|Any CPU
		{C441D62E-9DAD-434C-A638-CC8E5F42B7F3}.Debug|Any CPU.ActiveCfg = Debug|Any CPU
		{C441D62E-9DAD-434C-A638-CC8E5F42B7F3}.Debug|Any CPU.Build.0 = Debug|Any CPU
		{C441D62E-9DAD-434C-A638-CC8E5F42B7F3}.Debug|x64.ActiveCfg = Debug|Any CPU
		{C441D62E-9DAD-434C-A638-CC8E5F42B7F3}.Debug|x64.Build.0 = Debug|Any CPU
		{C441D62E-9DAD-434C-A638-CC8E5F42B7F3}.Debug|x86.ActiveCfg = Debug|Any CPU
		{C441D62E-9DAD-434C-A638-CC8E5F42B7F3}.Debug|x86.Build.0 = Debug|Any CPU
		{C441D62E-9DAD-434C-A638-CC8E5F42B7F3}.Release|Any CPU.ActiveCfg = Release|Any CPU
		{C441D62E-9DAD-434C-A638-CC8E5F42B7F3}.Release|Any CPU.Build.0 = Release|Any CPU
		{C441D62E-9DAD-434C-A638-CC8E5F42B7F3}.Release|x64.ActiveCfg = Release|Any CPU
		{C441D62E-9DAD-434C-A638-CC8E5F42B7F3}.Release|x64.Build.0 = Release|Any CPU
		{C441D62E-9DAD-434C-A638-CC8E5F42B7F3}.Release|x86.ActiveCfg = Release|Any CPU
		{C441D62E-9DAD-434C-A638-CC8E5F42B7F3}.Release|x86.Build.0 = Release|Any CPU
	EndGlobalSection
	GlobalSection(SolutionProperties) = preSolution
		HideSolutionNode = FALSE
	EndGlobalSection
	GlobalSection(NestedProjects) = preSolution
		{F2D23FFC-9C61-424A-A552-7245797F09E7} = {A10C4C97-C1A1-C462-9A04-F253A6FEFC1E}
		{E448D0EB-0FC9-478E-9D9C-39EBF1B89E31} = {A10C4C97-C1A1-C462-9A04-F253A6FEFC1E}
		{055E1D0F-67D0-4DA5-81E1-0FFFC2114627} = {A10C4C97-C1A1-C462-9A04-F253A6FEFC1E}
		{F11C7D0E-DBE2-4C9A-B86B-E1CBB9EF5414} = {91DB166F-8FA8-D710-9FF9-784B929F57E0}
		{62406840-C06E-4088-97F7-3D6811EFE9B3} = {91DB166F-8FA8-D710-9FF9-784B929F57E0}
		{F09718C0-3EC7-41F4-A2C0-EF32B0F06D69} = {91DB166F-8FA8-D710-9FF9-784B929F57E0}
		{D8E00B16-A9D4-48A7-84C0-1A7B400230A4} = {C1E8875C-D70B-9A5C-543D-852EF2502BBD}
		{5CF57270-FB48-4288-A047-85610AD94FB7} = {C1E8875C-D70B-9A5C-543D-852EF2502BBD}
		{C441D62E-9DAD-434C-A638-CC8E5F42B7F3} = {C1E8875C-D70B-9A5C-543D-852EF2502BBD}
	EndGlobalSection
EndGlobal
